
Microsoft Visual Studio Solution File, Format Version 12.00
# Visual Studio Version 16
VisualStudioVersion = 16.0.30320.27
MinimumVisualStudioVersion = 10.0.40219.1
Project("{FAE04EC0-301F-11D3-BF4B-00C04F79EFBC}") = "A133590.Ejercicio38", "A133590.Ejercicio38.csproj", "{87917ABE-AC97-4BDA-878D-1F46877EC8C6}"
EndProject
Global
	GlobalSection(SolutionConfigurationPlatforms) = preSolution
		Debug|Any CPU = Debug|Any CPU
		Release|Any CPU = Release|Any CPU
	EndGlobalSection
	GlobalSection(ProjectConfigurationPlatforms) = postSolution
		{87917ABE-AC97-4BDA-878D-1F46877EC8C6}.Debug|Any CPU.ActiveCfg = Debug|Any CPU
		{87917ABE-AC97-4BDA-878D-1F46877EC8C6}.Debug|Any CPU.Build.0 = Debug|Any CPU
		{87917ABE-AC97-4BDA-878D-1F46877EC8C6}.Release|Any CPU.ActiveCfg = Release|Any CPU
		{87917ABE-AC97-4BDA-878D-1F46877EC8C6}.Release|Any CPU.Build.0 = Release|Any CPU
	EndGlobalSection
	GlobalSection(SolutionProperties) = preSolution
		HideSolutionNode = FALSE
	EndGlobalSection
	GlobalSection(ExtensibilityGlobals) = postSolution
		SolutionGuid = {54994929-83E7-4C50-ABD2-1F02CC3D52EE}
	EndGlobalSection
EndGlobal
